
Microsoft Visual Studio Solution File, Format Version 12.00
# Visual Studio Version 17
VisualStudioVersion = 17.0.31423.177
MinimumVisualStudioVersion = 10.0.40219.1
Project("{FAE04EC0-301F-11D3-BF4B-00C04F79EFBC}") = "DemoWindowsform", "DemoWindowsform\DemoWindowsform.csproj", "{FBC6FE98-9062-43AC-8B45-0103AFB650F6}"
EndProject
Global
	GlobalSection(SolutionConfigurationPlatforms) = preSolution
		Debug|Any CPU = Debug|Any CPU
		Release|Any CPU = Release|Any CPU
	EndGlobalSection
	GlobalSection(ProjectConfigurationPlatforms) = postSolution
		{FBC6FE98-9062-43AC-8B45-0103AFB650F6}.Debug|Any CPU.ActiveCfg = Debug|Any CPU
		{FBC6FE98-9062-43AC-8B45-0103AFB650F6}.Debug|Any CPU.Build.0 = Debug|Any CPU
		{FBC6FE98-9062-43AC-8B45-0103AFB650F6}.Release|Any CPU.ActiveCfg = Release|Any CPU
		{FBC6FE98-9062-43AC-8B45-0103AFB650F6}.Release|Any CPU.Build.0 = Release|Any CPU
	EndGlobalSection
	GlobalSection(SolutionProperties) = preSolution
		HideSolutionNode = FALSE
	EndGlobalSection
	GlobalSection(ExtensibilityGlobals) = postSolution
		SolutionGuid = {5F87D556-56C7-4BB4-A6F1-0182CA19ACB5}
	EndGlobalSection
EndGlobal
